{
  "nodes": {
    "nixpkgs": {
      "locked": {
        "lastModified": 1744447717,
        "narHash": "sha256-STexEJpac+7FPJ0K4isZkPYiKiLyitHUw59TrrLfjvA=",
        "owner": "NixOS",
        "repo": "nixpkgs",
        "rev": "8e65f3d23dd1a484f5c765a0c6d9999c04e5fb63",
        "type": "github"
      },
      "original": {
        "id": "nixpkgs",
        "type": "indirect"
      }
    },
    "root": {
      "inputs": {
        "nixpkgs": "nixpkgs"
      }
    }
  },
  "root": "root",
  "version": 7
}
