{
  "nodes": {
    "nixpkgs": {
      "locked": {
        "lastModified": 1739025714,
        "narHash": "sha256-icmeVrhh+Fn4qoB+0xHx8tM8vGJRNgtghUd+u0c4DlI=",
        "owner": "NixOS",
        "repo": "nixpkgs",
        "rev": "b8a51ba9ed2632143dccd108d9c9f1d5718223fb",
        "type": "github"
      },
      "original": {
        "id": "nixpkgs",
        "type": "indirect"
      }
    },
    "root": {
      "inputs": {
        "nixpkgs": "nixpkgs"
      }
    }
  },
  "root": "root",
  "version": 7
}
