{
  "nodes": {
    "nixpkgs": {
      "locked": {
        "lastModified": 1750853720,
        "narHash": "sha256-zGv2D6GFOdAUC2Vhvs0+ogKAiXoeObHDeqtKPjLPAdo=",
        "owner": "NixOS",
        "repo": "nixpkgs",
        "rev": "fc8835d44a356d64953cb31f1b086fab1e25bb5b",
        "type": "github"
      },
      "original": {
        "owner": "NixOS",
        "repo": "nixpkgs",
        "rev": "fc8835d44a356d64953cb31f1b086fab1e25bb5b",
        "type": "github"
      }
    },
    "root": {
      "inputs": {
        "nixpkgs": "nixpkgs"
      }
    }
  },
  "root": "root",
  "version": 7
}
